
Microsoft Visual Studio Solution File, Format Version 12.00
# Visual Studio Version 16
VisualStudioVersion = 16.0.29806.167
MinimumVisualStudioVersion = 10.0.40219.1
Project("{FAE04EC0-301F-11D3-BF4B-00C04F79EFBC}") = "WcfService", "WcfService\WcfService.csproj", "{4FEEFC61-A54F-41F8-BCB0-45D026FC4217}"
EndProject
Project("{FAE04EC0-301F-11D3-BF4B-00C04F79EFBC}") = "Connections_Client", "Connections_Client\Connections_Client.csproj", "{3965F46A-582B-40D6-B6FF-17E88C7FA241}"
	ProjectSection(ProjectDependencies) = postProject
		{4FEEFC61-A54F-41F8-BCB0-45D026FC4217} = {4FEEFC61-A54F-41F8-BCB0-45D026FC4217}
	EndProjectSection
EndProject
Global
	GlobalSection(SolutionConfigurationPlatforms) = preSolution
		Debug|Any CPU = Debug|Any CPU
		Release|Any CPU = Release|Any CPU
	EndGlobalSection
	GlobalSection(ProjectConfigurationPlatforms) = postSolution
		{4FEEFC61-A54F-41F8-BCB0-45D026FC4217}.Debug|Any CPU.ActiveCfg = Debug|Any CPU
		{4FEEFC61-A54F-41F8-BCB0-45D026FC4217}.Debug|Any CPU.Build.0 = Debug|Any CPU
		{4FEEFC61-A54F-41F8-BCB0-45D026FC4217}.Release|Any CPU.ActiveCfg = Release|Any CPU
		{4FEEFC61-A54F-41F8-BCB0-45D026FC4217}.Release|Any CPU.Build.0 = Release|Any CPU
		{3965F46A-582B-40D6-B6FF-17E88C7FA241}.Debug|Any CPU.ActiveCfg = Debug|Any CPU
		{3965F46A-582B-40D6-B6FF-17E88C7FA241}.Debug|Any CPU.Build.0 = Debug|Any CPU
		{3965F46A-582B-40D6-B6FF-17E88C7FA241}.Release|Any CPU.ActiveCfg = Release|Any CPU
		{3965F46A-582B-40D6-B6FF-17E88C7FA241}.Release|Any CPU.Build.0 = Release|Any CPU
	EndGlobalSection
	GlobalSection(SolutionProperties) = preSolution
		HideSolutionNode = FALSE
	EndGlobalSection
	GlobalSection(ExtensibilityGlobals) = postSolution
		SolutionGuid = {EE2B1FA3-4D81-431B-8FEB-3DE522900835}
	EndGlobalSection
EndGlobal
